
Microsoft Visual Studio Solution File, Format Version 12.00
# Visual Studio Version 17
VisualStudioVersion = 17.8.34408.163
MinimumVisualStudioVersion = 10.0.40219.1
Project("{FAE04EC0-301F-11D3-BF4B-00C04F79EFBC}") = "UtilityLibrary", "UtilityLibrary\UtilityLibrary.csproj", "{37B2E30D-1544-49B8-BC81-17B46D3D0744}"
EndProject
Global
	GlobalSection(SolutionConfigurationPlatforms) = preSolution
		Debug|Any CPU = Debug|Any CPU
		Release|Any CPU = Release|Any CPU
	EndGlobalSection
	GlobalSection(ProjectConfigurationPlatforms) = postSolution
		{37B2E30D-1544-49B8-BC81-17B46D3D0744}.Debug|Any CPU.ActiveCfg = Debug|Any CPU
		{37B2E30D-1544-49B8-BC81-17B46D3D0744}.Debug|Any CPU.Build.0 = Debug|Any CPU
		{37B2E30D-1544-49B8-BC81-17B46D3D0744}.Release|Any CPU.ActiveCfg = Release|Any CPU
		{37B2E30D-1544-49B8-BC81-17B46D3D0744}.Release|Any CPU.Build.0 = Release|Any CPU
	EndGlobalSection
	GlobalSection(SolutionProperties) = preSolution
		HideSolutionNode = FALSE
	EndGlobalSection
	GlobalSection(ExtensibilityGlobals) = postSolution
		SolutionGuid = {0A789572-532A-4553-956E-2AD2A7E07309}
	EndGlobalSection
EndGlobal
